// !$*UTF8*$!
{
	archiveVersion = 1;
	classes = {
	};
	objectVersion = 50;
	objects = {

/* Begin PBXBuildFile section */
		2D6CEEA9250B77990064D072 /* MainBarViewController.swift in Sources */ = {isa = PBXBuildFile; fileRef = 2D6CEEA7250B77990064D072 /* MainBarViewController.swift */; };
		2D6CEEAA250B77990064D072 /* MainBarViewController.xib in Resources */ = {isa = PBXBuildFile; fileRef = 2D6CEEA8250B77990064D072 /* MainBarViewController.xib */; };
		2D6CEEAD250B78F30064D072 /* BookViewController.swift in Sources */ = {isa = PBXBuildFile; fileRef = 2D6CEEAB250B78F30064D072 /* BookViewController.swift */; };
		2D6CEEAE250B78F30064D072 /* BookViewController.xib in Resources */ = {isa = PBXBuildFile; fileRef = 2D6CEEAC250B78F30064D072 /* BookViewController.xib */; };
		2DD23135250B7D2000C4EE7C /* BookViewModel.swift in Sources */ = {isa = PBXBuildFile; fileRef = 2DD23134250B7D2000C4EE7C /* BookViewModel.swift */; };
		2DD23137250B7D7200C4EE7C /* BookService.swift in Sources */ = {isa = PBXBuildFile; fileRef = 2DD23136250B7D7200C4EE7C /* BookService.swift */; };
		2DD23139250B7EA200C4EE7C /* BookModel.swift in Sources */ = {isa = PBXBuildFile; fileRef = 2DD23138250B7EA200C4EE7C /* BookModel.swift */; };
		D6402DEC24D3597B00128B04 /* ScanQRViewController.swift in Sources */ = {isa = PBXBuildFile; fileRef = D6402DEA24D3597B00128B04 /* ScanQRViewController.swift */; };
		D6402DED24D3597B00128B04 /* ScanQRViewController.xib in Resources */ = {isa = PBXBuildFile; fileRef = D6402DEB24D3597B00128B04 /* ScanQRViewController.xib */; };
		D6402DF024D35A0400128B04 /* ScanQRViewModel.swift in Sources */ = {isa = PBXBuildFile; fileRef = D6402DEF24D35A0400128B04 /* ScanQRViewModel.swift */; };
		D66309E424C878EB00D10AC1 /* AppDelegate.swift in Sources */ = {isa = PBXBuildFile; fileRef = D66309E324C878EB00D10AC1 /* AppDelegate.swift */; };
		D66309E624C878EB00D10AC1 /* SceneDelegate.swift in Sources */ = {isa = PBXBuildFile; fileRef = D66309E524C878EB00D10AC1 /* SceneDelegate.swift */; };
		D66309ED24C878EC00D10AC1 /* Assets.xcassets in Resources */ = {isa = PBXBuildFile; fileRef = D66309EC24C878EC00D10AC1 /* Assets.xcassets */; };
		D66309F024C878EC00D10AC1 /* LaunchScreen.storyboard in Resources */ = {isa = PBXBuildFile; fileRef = D66309EE24C878EC00D10AC1 /* LaunchScreen.storyboard */; };
		D66309FB24C878ED00D10AC1 /* MemoirTests.swift in Sources */ = {isa = PBXBuildFile; fileRef = D66309FA24C878ED00D10AC1 /* MemoirTests.swift */; };
		D6630A0624C878ED00D10AC1 /* MemoirUITests.swift in Sources */ = {isa = PBXBuildFile; fileRef = D6630A0524C878ED00D10AC1 /* MemoirUITests.swift */; };
		D6630A1524C879D100D10AC1 /* LoginViewController.swift in Sources */ = {isa = PBXBuildFile; fileRef = D6630A1324C879D100D10AC1 /* LoginViewController.swift */; };
		D6630A1624C879D100D10AC1 /* LoginViewController.xib in Resources */ = {isa = PBXBuildFile; fileRef = D6630A1424C879D100D10AC1 /* LoginViewController.xib */; };
		D6630A1924C87BD800D10AC1 /* LoginViewModel.swift in Sources */ = {isa = PBXBuildFile; fileRef = D6630A1824C87BD800D10AC1 /* LoginViewModel.swift */; };
		D6630A1B24C8829000D10AC1 /* LoginService.swift in Sources */ = {isa = PBXBuildFile; fileRef = D6630A1A24C8829000D10AC1 /* LoginService.swift */; };
		D6630A1D24C8853600D10AC1 /* LoginModel.swift in Sources */ = {isa = PBXBuildFile; fileRef = D6630A1C24C8853600D10AC1 /* LoginModel.swift */; };
		D6ABB61824C8A37E00C15B85 /* UrlFactory.swift in Sources */ = {isa = PBXBuildFile; fileRef = D6ABB61724C8A37E00C15B85 /* UrlFactory.swift */; };
		D6ADD45B24D36AA00028A82D /* Localizable.strings in Resources */ = {isa = PBXBuildFile; fileRef = D6ADD45D24D36AA00028A82D /* Localizable.strings */; };
		D6ADD46024D36B480028A82D /* Tools.swift in Sources */ = {isa = PBXBuildFile; fileRef = D6ADD45F24D36B480028A82D /* Tools.swift */; };
		D6ADD46424D416D40028A82D /* LoginGuestViewController.swift in Sources */ = {isa = PBXBuildFile; fileRef = D6ADD46224D416D40028A82D /* LoginGuestViewController.swift */; };
		D6ADD46524D416D40028A82D /* LoginGuestViewController.xib in Resources */ = {isa = PBXBuildFile; fileRef = D6ADD46324D416D40028A82D /* LoginGuestViewController.xib */; };
		D6ADD46824D41A7F0028A82D /* LoginGuestViewModel.swift in Sources */ = {isa = PBXBuildFile; fileRef = D6ADD46724D41A7F0028A82D /* LoginGuestViewModel.swift */; };
		D6ADD46A24D41E9F0028A82D /* LoginGuestService.swift in Sources */ = {isa = PBXBuildFile; fileRef = D6ADD46924D41E9F0028A82D /* LoginGuestService.swift */; };
		D6ADD46C24D421FB0028A82D /* LoginGuestModel.swift in Sources */ = {isa = PBXBuildFile; fileRef = D6ADD46B24D421FB0028A82D /* LoginGuestModel.swift */; };
/* End PBXBuildFile section */

/* Begin PBXContainerItemProxy section */
		D66309F724C878ED00D10AC1 /* PBXContainerItemProxy */ = {
			isa = PBXContainerItemProxy;
			containerPortal = D66309D824C878EB00D10AC1 /* Project object */;
			proxyType = 1;
			remoteGlobalIDString = D66309DF24C878EB00D10AC1;
			remoteInfo = Memoir;
		};
		D6630A0224C878ED00D10AC1 /* PBXContainerItemProxy */ = {
			isa = PBXContainerItemProxy;
			containerPortal = D66309D824C878EB00D10AC1 /* Project object */;
			proxyType = 1;
			remoteGlobalIDString = D66309DF24C878EB00D10AC1;
			remoteInfo = Memoir;
		};
/* End PBXContainerItemProxy section */

/* Begin PBXFileReference section */
		2D6CEEA7250B77990064D072 /* MainBarViewController.swift */ = {isa = PBXFileReference; lastKnownFileType = sourcecode.swift; path = MainBarViewController.swift; sourceTree = "<group>"; };
		2D6CEEA8250B77990064D072 /* MainBarViewController.xib */ = {isa = PBXFileReference; lastKnownFileType = file.xib; path = MainBarViewController.xib; sourceTree = "<group>"; };
		2D6CEEAB250B78F30064D072 /* BookViewController.swift */ = {isa = PBXFileReference; lastKnownFileType = sourcecode.swift; path = BookViewController.swift; sourceTree = "<group>"; };
		2D6CEEAC250B78F30064D072 /* BookViewController.xib */ = {isa = PBXFileReference; lastKnownFileType = file.xib; path = BookViewController.xib; sourceTree = "<group>"; };
		2DD23134250B7D2000C4EE7C /* BookViewModel.swift */ = {isa = PBXFileReference; lastKnownFileType = sourcecode.swift; path = BookViewModel.swift; sourceTree = "<group>"; };
		2DD23136250B7D7200C4EE7C /* BookService.swift */ = {isa = PBXFileReference; lastKnownFileType = sourcecode.swift; path = BookService.swift; sourceTree = "<group>"; };
		2DD23138250B7EA200C4EE7C /* BookModel.swift */ = {isa = PBXFileReference; lastKnownFileType = sourcecode.swift; path = BookModel.swift; sourceTree = "<group>"; };
		D6402DEA24D3597B00128B04 /* ScanQRViewController.swift */ = {isa = PBXFileReference; lastKnownFileType = sourcecode.swift; path = ScanQRViewController.swift; sourceTree = "<group>"; };
		D6402DEB24D3597B00128B04 /* ScanQRViewController.xib */ = {isa = PBXFileReference; lastKnownFileType = file.xib; path = ScanQRViewController.xib; sourceTree = "<group>"; };
		D6402DEF24D35A0400128B04 /* ScanQRViewModel.swift */ = {isa = PBXFileReference; lastKnownFileType = sourcecode.swift; path = ScanQRViewModel.swift; sourceTree = "<group>"; };
		D66309E024C878EB00D10AC1 /* Memoir.app */ = {isa = PBXFileReference; explicitFileType = wrapper.application; includeInIndex = 0; path = Memoir.app; sourceTree = BUILT_PRODUCTS_DIR; };
		D66309E324C878EB00D10AC1 /* AppDelegate.swift */ = {isa = PBXFileReference; lastKnownFileType = sourcecode.swift; path = AppDelegate.swift; sourceTree = "<group>"; };
		D66309E524C878EB00D10AC1 /* SceneDelegate.swift */ = {isa = PBXFileReference; lastKnownFileType = sourcecode.swift; path = SceneDelegate.swift; sourceTree = "<group>"; };
		D66309EC24C878EC00D10AC1 /* Assets.xcassets */ = {isa = PBXFileReference; lastKnownFileType = folder.assetcatalog; path = Assets.xcassets; sourceTree = "<group>"; };
		D66309EF24C878EC00D10AC1 /* Base */ = {isa = PBXFileReference; lastKnownFileType = file.storyboard; name = Base; path = Base.lproj/LaunchScreen.storyboard; sourceTree = "<group>"; };
		D66309F124C878EC00D10AC1 /* Info.plist */ = {isa = PBXFileReference; lastKnownFileType = text.plist.xml; path = Info.plist; sourceTree = "<group>"; };
		D66309F624C878ED00D10AC1 /* MemoirTests.xctest */ = {isa = PBXFileReference; explicitFileType = wrapper.cfbundle; includeInIndex = 0; path = MemoirTests.xctest; sourceTree = BUILT_PRODUCTS_DIR; };
		D66309FA24C878ED00D10AC1 /* MemoirTests.swift */ = {isa = PBXFileReference; lastKnownFileType = sourcecode.swift; path = MemoirTests.swift; sourceTree = "<group>"; };
		D66309FC24C878ED00D10AC1 /* Info.plist */ = {isa = PBXFileReference; lastKnownFileType = text.plist.xml; path = Info.plist; sourceTree = "<group>"; };
		D6630A0124C878ED00D10AC1 /* MemoirUITests.xctest */ = {isa = PBXFileReference; explicitFileType = wrapper.cfbundle; includeInIndex = 0; path = MemoirUITests.xctest; sourceTree = BUILT_PRODUCTS_DIR; };
		D6630A0524C878ED00D10AC1 /* MemoirUITests.swift */ = {isa = PBXFileReference; lastKnownFileType = sourcecode.swift; path = MemoirUITests.swift; sourceTree = "<group>"; };
		D6630A0724C878ED00D10AC1 /* Info.plist */ = {isa = PBXFileReference; lastKnownFileType = text.plist.xml; path = Info.plist; sourceTree = "<group>"; };
		D6630A1324C879D100D10AC1 /* LoginViewController.swift */ = {isa = PBXFileReference; lastKnownFileType = sourcecode.swift; path = LoginViewController.swift; sourceTree = "<group>"; };
		D6630A1424C879D100D10AC1 /* LoginViewController.xib */ = {isa = PBXFileReference; lastKnownFileType = file.xib; path = LoginViewController.xib; sourceTree = "<group>"; };
		D6630A1824C87BD800D10AC1 /* LoginViewModel.swift */ = {isa = PBXFileReference; lastKnownFileType = sourcecode.swift; path = LoginViewModel.swift; sourceTree = "<group>"; };
		D6630A1A24C8829000D10AC1 /* LoginService.swift */ = {isa = PBXFileReference; lastKnownFileType = sourcecode.swift; path = LoginService.swift; sourceTree = "<group>"; };
		D6630A1C24C8853600D10AC1 /* LoginModel.swift */ = {isa = PBXFileReference; lastKnownFileType = sourcecode.swift; path = LoginModel.swift; sourceTree = "<group>"; };
		D6ABB61724C8A37E00C15B85 /* UrlFactory.swift */ = {isa = PBXFileReference; lastKnownFileType = sourcecode.swift; path = UrlFactory.swift; sourceTree = "<group>"; };
		D6ADD45C24D36AA00028A82D /* en */ = {isa = PBXFileReference; lastKnownFileType = text.plist.strings; name = en; path = en.lproj/Localizable.strings; sourceTree = "<group>"; };
		D6ADD45E24D36AD20028A82D /* fr */ = {isa = PBXFileReference; lastKnownFileType = text.plist.strings; name = fr; path = fr.lproj/Localizable.strings; sourceTree = "<group>"; };
		D6ADD45F24D36B480028A82D /* Tools.swift */ = {isa = PBXFileReference; lastKnownFileType = sourcecode.swift; path = Tools.swift; sourceTree = "<group>"; };
		D6ADD46224D416D40028A82D /* LoginGuestViewController.swift */ = {isa = PBXFileReference; lastKnownFileType = sourcecode.swift; path = LoginGuestViewController.swift; sourceTree = "<group>"; };
		D6ADD46324D416D40028A82D /* LoginGuestViewController.xib */ = {isa = PBXFileReference; lastKnownFileType = file.xib; path = LoginGuestViewController.xib; sourceTree = "<group>"; };
		D6ADD46724D41A7F0028A82D /* LoginGuestViewModel.swift */ = {isa = PBXFileReference; lastKnownFileType = sourcecode.swift; path = LoginGuestViewModel.swift; sourceTree = "<group>"; };
		D6ADD46924D41E9F0028A82D /* LoginGuestService.swift */ = {isa = PBXFileReference; lastKnownFileType = sourcecode.swift; path = LoginGuestService.swift; sourceTree = "<group>"; };
		D6ADD46B24D421FB0028A82D /* LoginGuestModel.swift */ = {isa = PBXFileReference; lastKnownFileType = sourcecode.swift; path = LoginGuestModel.swift; sourceTree = "<group>"; };
/* End PBXFileReference section */

/* Begin PBXFrameworksBuildPhase section */
		D66309DD24C878EB00D10AC1 /* Frameworks */ = {
			isa = PBXFrameworksBuildPhase;
			buildActionMask = 2147483647;
			files = (
			);
			runOnlyForDeploymentPostprocessing = 0;
		};
		D66309F324C878ED00D10AC1 /* Frameworks */ = {
			isa = PBXFrameworksBuildPhase;
			buildActionMask = 2147483647;
			files = (
			);
			runOnlyForDeploymentPostprocessing = 0;
		};
		D66309FE24C878ED00D10AC1 /* Frameworks */ = {
			isa = PBXFrameworksBuildPhase;
			buildActionMask = 2147483647;
			files = (
			);
			runOnlyForDeploymentPostprocessing = 0;
		};
/* End PBXFrameworksBuildPhase section */

/* Begin PBXGroup section */
		2D6CEEA6250B77090064D072 /* Tab bar */ = {
			isa = PBXGroup;
			children = (
				2D6CEEA7250B77990064D072 /* MainBarViewController.swift */,
				2D6CEEA8250B77990064D072 /* MainBarViewController.xib */,
			);
			path = "Tab bar";
			sourceTree = "<group>";
		};
		2D6CEEAF250B78F60064D072 /* Book */ = {
			isa = PBXGroup;
			children = (
				2D6CEEAB250B78F30064D072 /* BookViewController.swift */,
				2DD23134250B7D2000C4EE7C /* BookViewModel.swift */,
				2DD23138250B7EA200C4EE7C /* BookModel.swift */,
				2DD23136250B7D7200C4EE7C /* BookService.swift */,
				2D6CEEAC250B78F30064D072 /* BookViewController.xib */,
			);
			path = Book;
			sourceTree = "<group>";
		};
		D6402DEE24D359ED00128B04 /* Scan QR */ = {
			isa = PBXGroup;
			children = (
				D6402DEA24D3597B00128B04 /* ScanQRViewController.swift */,
				D6402DEF24D35A0400128B04 /* ScanQRViewModel.swift */,
				D6402DEB24D3597B00128B04 /* ScanQRViewController.xib */,
			);
			path = "Scan QR";
			sourceTree = "<group>";
		};
		D66309D724C878EB00D10AC1 = {
			isa = PBXGroup;
			children = (
				D66309E224C878EB00D10AC1 /* Memoir */,
				D66309F924C878ED00D10AC1 /* MemoirTests */,
				D6630A0424C878ED00D10AC1 /* MemoirUITests */,
				D66309E124C878EB00D10AC1 /* Products */,
			);
			sourceTree = "<group>";
		};
		D66309E124C878EB00D10AC1 /* Products */ = {
			isa = PBXGroup;
			children = (
				D66309E024C878EB00D10AC1 /* Memoir.app */,
				D66309F624C878ED00D10AC1 /* MemoirTests.xctest */,
				D6630A0124C878ED00D10AC1 /* MemoirUITests.xctest */,
			);
			name = Products;
			sourceTree = "<group>";
		};
		D66309E224C878EB00D10AC1 /* Memoir */ = {
			isa = PBXGroup;
			children = (
				D66309E324C878EB00D10AC1 /* AppDelegate.swift */,
				D66309E524C878EB00D10AC1 /* SceneDelegate.swift */,
				D6ADD45D24D36AA00028A82D /* Localizable.strings */,
				D6ADD46124D36C220028A82D /* Utility */,
				D6ADD46624D417210028A82D /* Login Guest */,
				D6402DEE24D359ED00128B04 /* Scan QR */,
				2D6CEEAF250B78F60064D072 /* Book */,
				2D6CEEA6250B77090064D072 /* Tab bar */,
				D6630A1724C87A5C00D10AC1 /* Login */,
				D66309EC24C878EC00D10AC1 /* Assets.xcassets */,
				D66309EE24C878EC00D10AC1 /* LaunchScreen.storyboard */,
				D66309F124C878EC00D10AC1 /* Info.plist */,
			);
			path = Memoir;
			sourceTree = "<group>";
		};
		D66309F924C878ED00D10AC1 /* MemoirTests */ = {
			isa = PBXGroup;
			children = (
				D66309FA24C878ED00D10AC1 /* MemoirTests.swift */,
				D66309FC24C878ED00D10AC1 /* Info.plist */,
			);
			path = MemoirTests;
			sourceTree = "<group>";
		};
		D6630A0424C878ED00D10AC1 /* MemoirUITests */ = {
			isa = PBXGroup;
			children = (
				D6630A0524C878ED00D10AC1 /* MemoirUITests.swift */,
				D6630A0724C878ED00D10AC1 /* Info.plist */,
			);
			path = MemoirUITests;
			sourceTree = "<group>";
		};
		D6630A1724C87A5C00D10AC1 /* Login */ = {
			isa = PBXGroup;
			children = (
				D6630A1A24C8829000D10AC1 /* LoginService.swift */,
				D6630A1C24C8853600D10AC1 /* LoginModel.swift */,
				D6630A1824C87BD800D10AC1 /* LoginViewModel.swift */,
				D6630A1324C879D100D10AC1 /* LoginViewController.swift */,
				D6630A1424C879D100D10AC1 /* LoginViewController.xib */,
			);
			path = Login;
			sourceTree = "<group>";
		};
		D6ADD46124D36C220028A82D /* Utility */ = {
			isa = PBXGroup;
			children = (
				D6ADD45F24D36B480028A82D /* Tools.swift */,
				D6ABB61724C8A37E00C15B85 /* UrlFactory.swift */,
			);
			path = Utility;
			sourceTree = "<group>";
		};
		D6ADD46624D417210028A82D /* Login Guest */ = {
			isa = PBXGroup;
			children = (
				D6ADD46B24D421FB0028A82D /* LoginGuestModel.swift */,
				D6ADD46924D41E9F0028A82D /* LoginGuestService.swift */,
				D6ADD46724D41A7F0028A82D /* LoginGuestViewModel.swift */,
				D6ADD46224D416D40028A82D /* LoginGuestViewController.swift */,
				D6ADD46324D416D40028A82D /* LoginGuestViewController.xib */,
			);
			path = "Login Guest";
			sourceTree = "<group>";
		};
/* End PBXGroup section */

/* Begin PBXNativeTarget section */
		D66309DF24C878EB00D10AC1 /* Memoir */ = {
			isa = PBXNativeTarget;
			buildConfigurationList = D6630A0A24C878ED00D10AC1 /* Build configuration list for PBXNativeTarget "Memoir" */;
			buildPhases = (
				D66309DC24C878EB00D10AC1 /* Sources */,
				D66309DD24C878EB00D10AC1 /* Frameworks */,
				D66309DE24C878EB00D10AC1 /* Resources */,
			);
			buildRules = (
			);
			dependencies = (
			);
			name = Memoir;
			productName = Memoir;
			productReference = D66309E024C878EB00D10AC1 /* Memoir.app */;
			productType = "com.apple.product-type.application";
		};
		D66309F524C878ED00D10AC1 /* MemoirTests */ = {
			isa = PBXNativeTarget;
			buildConfigurationList = D6630A0D24C878ED00D10AC1 /* Build configuration list for PBXNativeTarget "MemoirTests" */;
			buildPhases = (
				D66309F224C878ED00D10AC1 /* Sources */,
				D66309F324C878ED00D10AC1 /* Frameworks */,
				D66309F424C878ED00D10AC1 /* Resources */,
			);
			buildRules = (
			);
			dependencies = (
				D66309F824C878ED00D10AC1 /* PBXTargetDependency */,
			);
			name = MemoirTests;
			productName = MemoirTests;
			productReference = D66309F624C878ED00D10AC1 /* MemoirTests.xctest */;
			productType = "com.apple.product-type.bundle.unit-test";
		};
		D6630A0024C878ED00D10AC1 /* MemoirUITests */ = {
			isa = PBXNativeTarget;
			buildConfigurationList = D6630A1024C878ED00D10AC1 /* Build configuration list for PBXNativeTarget "MemoirUITests" */;
			buildPhases = (
				D66309FD24C878ED00D10AC1 /* Sources */,
				D66309FE24C878ED00D10AC1 /* Frameworks */,
				D66309FF24C878ED00D10AC1 /* Resources */,
			);
			buildRules = (
			);
			dependencies = (
				D6630A0324C878ED00D10AC1 /* PBXTargetDependency */,
			);
			name = MemoirUITests;
			productName = MemoirUITests;
			productReference = D6630A0124C878ED00D10AC1 /* MemoirUITests.xctest */;
			productType = "com.apple.product-type.bundle.ui-testing";
		};
/* End PBXNativeTarget section */

/* Begin PBXProject section */
		D66309D824C878EB00D10AC1 /* Project object */ = {
			isa = PBXProject;
			attributes = {
				LastSwiftUpdateCheck = 1150;
				LastUpgradeCheck = 1150;
				ORGANIZATIONNAME = "Antoine Simon";
				TargetAttributes = {
					D66309DF24C878EB00D10AC1 = {
						CreatedOnToolsVersion = 11.5;
					};
					D66309F524C878ED00D10AC1 = {
						CreatedOnToolsVersion = 11.5;
						TestTargetID = D66309DF24C878EB00D10AC1;
					};
					D6630A0024C878ED00D10AC1 = {
						CreatedOnToolsVersion = 11.5;
						TestTargetID = D66309DF24C878EB00D10AC1;
					};
				};
			};
			buildConfigurationList = D66309DB24C878EB00D10AC1 /* Build configuration list for PBXProject "Memoir" */;
			compatibilityVersion = "Xcode 9.3";
			developmentRegion = en;
			hasScannedForEncodings = 0;
			knownRegions = (
				en,
				Base,
				fr,
			);
			mainGroup = D66309D724C878EB00D10AC1;
			productRefGroup = D66309E124C878EB00D10AC1 /* Products */;
			projectDirPath = "";
			projectRoot = "";
			targets = (
				D66309DF24C878EB00D10AC1 /* Memoir */,
				D66309F524C878ED00D10AC1 /* MemoirTests */,
				D6630A0024C878ED00D10AC1 /* MemoirUITests */,
			);
		};
/* End PBXProject section */

/* Begin PBXResourcesBuildPhase section */
		D66309DE24C878EB00D10AC1 /* Resources */ = {
			isa = PBXResourcesBuildPhase;
			buildActionMask = 2147483647;
			files = (
				2D6CEEAA250B77990064D072 /* MainBarViewController.xib in Resources */,
				2D6CEEAE250B78F30064D072 /* BookViewController.xib in Resources */,
				D6ADD45B24D36AA00028A82D /* Localizable.strings in Resources */,
				D6402DED24D3597B00128B04 /* ScanQRViewController.xib in Resources */,
				D66309F024C878EC00D10AC1 /* LaunchScreen.storyboard in Resources */,
				D6ADD46524D416D40028A82D /* LoginGuestViewController.xib in Resources */,
				D66309ED24C878EC00D10AC1 /* Assets.xcassets in Resources */,
				D6630A1624C879D100D10AC1 /* LoginViewController.xib in Resources */,
			);
			runOnlyForDeploymentPostprocessing = 0;
		};
		D66309F424C878ED00D10AC1 /* Resources */ = {
			isa = PBXResourcesBuildPhase;
			buildActionMask = 2147483647;
			files = (
			);
			runOnlyForDeploymentPostprocessing = 0;
		};
		D66309FF24C878ED00D10AC1 /* Resources */ = {
			isa = PBXResourcesBuildPhase;
			buildActionMask = 2147483647;
			files = (
			);
			runOnlyForDeploymentPostprocessing = 0;
		};
/* End PBXResourcesBuildPhase section */

/* Begin PBXSourcesBuildPhase section */
		D66309DC24C878EB00D10AC1 /* Sources */ = {
			isa = PBXSourcesBuildPhase;
			buildActionMask = 2147483647;
			files = (
				2D6CEEA9250B77990064D072 /* MainBarViewController.swift in Sources */,
				D6630A1B24C8829000D10AC1 /* LoginService.swift in Sources */,
				D6ADD46A24D41E9F0028A82D /* LoginGuestService.swift in Sources */,
				D6ADD46C24D421FB0028A82D /* LoginGuestModel.swift in Sources */,
				2DD23139250B7EA200C4EE7C /* BookModel.swift in Sources */,
				D6ADD46824D41A7F0028A82D /* LoginGuestViewModel.swift in Sources */,
				D6ADD46424D416D40028A82D /* LoginGuestViewController.swift in Sources */,
				D6ABB61824C8A37E00C15B85 /* UrlFactory.swift in Sources */,
				D6630A1D24C8853600D10AC1 /* LoginModel.swift in Sources */,
				D6630A1924C87BD800D10AC1 /* LoginViewModel.swift in Sources */,
				D6402DEC24D3597B00128B04 /* ScanQRViewController.swift in Sources */,
				2DD23135250B7D2000C4EE7C /* BookViewModel.swift in Sources */,
				D6630A1524C879D100D10AC1 /* LoginViewController.swift in Sources */,
				D6402DF024D35A0400128B04 /* ScanQRViewModel.swift in Sources */,
				D66309E424C878EB00D10AC1 /* AppDelegate.swift in Sources */,
				2DD23137250B7D7200C4EE7C /* BookService.swift in Sources */,
				2D6CEEAD250B78F30064D072 /* BookViewController.swift in Sources */,
				D66309E624C878EB00D10AC1 /* SceneDelegate.swift in Sources */,
				D6ADD46024D36B480028A82D /* Tools.swift in Sources */,
			);
			runOnlyForDeploymentPostprocessing = 0;
		};
		D66309F224C878ED00D10AC1 /* Sources */ = {
			isa = PBXSourcesBuildPhase;
			buildActionMask = 2147483647;
			files = (
				D66309FB24C878ED00D10AC1 /* MemoirTests.swift in Sources */,
			);
			runOnlyForDeploymentPostprocessing = 0;
		};
		D66309FD24C878ED00D10AC1 /* Sources */ = {
			isa = PBXSourcesBuildPhase;
			buildActionMask = 2147483647;
			files = (
				D6630A0624C878ED00D10AC1 /* MemoirUITests.swift in Sources */,
			);
			runOnlyForDeploymentPostprocessing = 0;
		};
/* End PBXSourcesBuildPhase section */

/* Begin PBXTargetDependency section */
		D66309F824C878ED00D10AC1 /* PBXTargetDependency */ = {
			isa = PBXTargetDependency;
			target = D66309DF24C878EB00D10AC1 /* Memoir */;
			targetProxy = D66309F724C878ED00D10AC1 /* PBXContainerItemProxy */;
		};
		D6630A0324C878ED00D10AC1 /* PBXTargetDependency */ = {
			isa = PBXTargetDependency;
			target = D66309DF24C878EB00D10AC1 /* Memoir */;
			targetProxy = D6630A0224C878ED00D10AC1 /* PBXContainerItemProxy */;
		};
/* End PBXTargetDependency section */

/* Begin PBXVariantGroup section */
		D66309EE24C878EC00D10AC1 /* LaunchScreen.storyboard */ = {
			isa = PBXVariantGroup;
			children = (
				D66309EF24C878EC00D10AC1 /* Base */,
			);
			name = LaunchScreen.storyboard;
			sourceTree = "<group>";
		};
		D6ADD45D24D36AA00028A82D /* Localizable.strings */ = {
			isa = PBXVariantGroup;
			children = (
				D6ADD45C24D36AA00028A82D /* en */,
				D6ADD45E24D36AD20028A82D /* fr */,
			);
			name = Localizable.strings;
			sourceTree = "<group>";
		};
/* End PBXVariantGroup section */

/* Begin XCBuildConfiguration section */
		D6630A0824C878ED00D10AC1 /* Debug */ = {
			isa = XCBuildConfiguration;
			buildSettings = {
				ALWAYS_SEARCH_USER_PATHS = NO;
				CLANG_ANALYZER_LOCALIZABILITY_NONLOCALIZED = YES;
				CLANG_ANALYZER_NONNULL = YES;
				CLANG_ANALYZER_NUMBER_OBJECT_CONVERSION = YES_AGGRESSIVE;
				CLANG_CXX_LANGUAGE_STANDARD = "gnu++14";
				CLANG_CXX_LIBRARY = "libc++";
				CLANG_ENABLE_MODULES = YES;
				CLANG_ENABLE_OBJC_ARC = YES;
				CLANG_ENABLE_OBJC_WEAK = YES;
				CLANG_WARN_BLOCK_CAPTURE_AUTORELEASING = YES;
				CLANG_WARN_BOOL_CONVERSION = YES;
				CLANG_WARN_COMMA = YES;
				CLANG_WARN_CONSTANT_CONVERSION = YES;
				CLANG_WARN_DEPRECATED_OBJC_IMPLEMENTATIONS = YES;
				CLANG_WARN_DIRECT_OBJC_ISA_USAGE = YES_ERROR;
				CLANG_WARN_DOCUMENTATION_COMMENTS = YES;
				CLANG_WARN_EMPTY_BODY = YES;
				CLANG_WARN_ENUM_CONVERSION = YES;
				CLANG_WARN_INFINITE_RECURSION = YES;
				CLANG_WARN_INT_CONVERSION = YES;
				CLANG_WARN_NON_LITERAL_NULL_CONVERSION = YES;
				CLANG_WARN_OBJC_IMPLICIT_RETAIN_SELF = YES;
				CLANG_WARN_OBJC_LITERAL_CONVERSION = YES;
				CLANG_WARN_OBJC_ROOT_CLASS = YES_ERROR;
				CLANG_WARN_RANGE_LOOP_ANALYSIS = YES;
				CLANG_WARN_STRICT_PROTOTYPES = YES;
				CLANG_WARN_SUSPICIOUS_MOVE = YES;
				CLANG_WARN_UNGUARDED_AVAILABILITY = YES_AGGRESSIVE;
				CLANG_WARN_UNREACHABLE_CODE = YES;
				CLANG_WARN__DUPLICATE_METHOD_MATCH = YES;
				COPY_PHASE_STRIP = NO;
				DEBUG_INFORMATION_FORMAT = dwarf;
				ENABLE_STRICT_OBJC_MSGSEND = YES;
				ENABLE_TESTABILITY = YES;
				GCC_C_LANGUAGE_STANDARD = gnu11;
				GCC_DYNAMIC_NO_PIC = NO;
				GCC_NO_COMMON_BLOCKS = YES;
				GCC_OPTIMIZATION_LEVEL = 0;
				GCC_PREPROCESSOR_DEFINITIONS = (
					"DEBUG=1",
					"$(inherited)",
				);
				GCC_WARN_64_TO_32_BIT_CONVERSION = YES;
				GCC_WARN_ABOUT_RETURN_TYPE = YES_ERROR;
				GCC_WARN_UNDECLARED_SELECTOR = YES;
				GCC_WARN_UNINITIALIZED_AUTOS = YES_AGGRESSIVE;
				GCC_WARN_UNUSED_FUNCTION = YES;
				GCC_WARN_UNUSED_VARIABLE = YES;
				IPHONEOS_DEPLOYMENT_TARGET = 13.5;
				MTL_ENABLE_DEBUG_INFO = INCLUDE_SOURCE;
				MTL_FAST_MATH = YES;
				ONLY_ACTIVE_ARCH = YES;
				SDKROOT = iphoneos;
				SWIFT_ACTIVE_COMPILATION_CONDITIONS = DEBUG;
				SWIFT_OPTIMIZATION_LEVEL = "-Onone";
			};
			name = Debug;
		};
		D6630A0924C878ED00D10AC1 /* Release */ = {
			isa = XCBuildConfiguration;
			buildSettings = {
				ALWAYS_SEARCH_USER_PATHS = NO;
				CLANG_ANALYZER_LOCALIZABILITY_NONLOCALIZED = YES;
				CLANG_ANALYZER_NONNULL = YES;
				CLANG_ANALYZER_NUMBER_OBJECT_CONVERSION = YES_AGGRESSIVE;
				CLANG_CXX_LANGUAGE_STANDARD = "gnu++14";
				CLANG_CXX_LIBRARY = "libc++";
				CLANG_ENABLE_MODULES = YES;
				CLANG_ENABLE_OBJC_ARC = YES;
				CLANG_ENABLE_OBJC_WEAK = YES;
				CLANG_WARN_BLOCK_CAPTURE_AUTORELEASING = YES;
				CLANG_WARN_BOOL_CONVERSION = YES;
				CLANG_WARN_COMMA = YES;
				CLANG_WARN_CONSTANT_CONVERSION = YES;
				CLANG_WARN_DEPRECATED_OBJC_IMPLEMENTATIONS = YES;
				CLANG_WARN_DIRECT_OBJC_ISA_USAGE = YES_ERROR;
				CLANG_WARN_DOCUMENTATION_COMMENTS = YES;
				CLANG_WARN_EMPTY_BODY = YES;
				CLANG_WARN_ENUM_CONVERSION = YES;
				CLANG_WARN_INFINITE_RECURSION = YES;
				CLANG_WARN_INT_CONVERSION = YES;
				CLANG_WARN_NON_LITERAL_NULL_CONVERSION = YES;
				CLANG_WARN_OBJC_IMPLICIT_RETAIN_SELF = YES;
				CLANG_WARN_OBJC_LITERAL_CONVERSION = YES;
				CLANG_WARN_OBJC_ROOT_CLASS = YES_ERROR;
				CLANG_WARN_RANGE_LOOP_ANALYSIS = YES;
				CLANG_WARN_STRICT_PROTOTYPES = YES;
				CLANG_WARN_SUSPICIOUS_MOVE = YES;
				CLANG_WARN_UNGUARDED_AVAILABILITY = YES_AGGRESSIVE;
				CLANG_WARN_UNREACHABLE_CODE = YES;
				CLANG_WARN__DUPLICATE_METHOD_MATCH = YES;
				COPY_PHASE_STRIP = NO;
				DEBUG_INFORMATION_FORMAT = "dwarf-with-dsym";
				ENABLE_NS_ASSERTIONS = NO;
				ENABLE_STRICT_OBJC_MSGSEND = YES;
				GCC_C_LANGUAGE_STANDARD = gnu11;
				GCC_NO_COMMON_BLOCKS = YES;
				GCC_WARN_64_TO_32_BIT_CONVERSION = YES;
				GCC_WARN_ABOUT_RETURN_TYPE = YES_ERROR;
				GCC_WARN_UNDECLARED_SELECTOR = YES;
				GCC_WARN_UNINITIALIZED_AUTOS = YES_AGGRESSIVE;
				GCC_WARN_UNUSED_FUNCTION = YES;
				GCC_WARN_UNUSED_VARIABLE = YES;
				IPHONEOS_DEPLOYMENT_TARGET = 13.5;
				MTL_ENABLE_DEBUG_INFO = NO;
				MTL_FAST_MATH = YES;
				SDKROOT = iphoneos;
				SWIFT_COMPILATION_MODE = wholemodule;
				SWIFT_OPTIMIZATION_LEVEL = "-O";
				VALIDATE_PRODUCT = YES;
			};
			name = Release;
		};
		D6630A0B24C878ED00D10AC1 /* Debug */ = {
			isa = XCBuildConfiguration;
			buildSettings = {
				ASSETCATALOG_COMPILER_APPICON_NAME = AppIcon;
				CODE_SIGN_STYLE = Automatic;
				INFOPLIST_FILE = Memoir/Info.plist;
				LD_RUNPATH_SEARCH_PATHS = (
					"$(inherited)",
					"@executable_path/Frameworks",
				);
				PRODUCT_BUNDLE_IDENTIFIER = antoine.app.app.Memoir;
				PRODUCT_NAME = "$(TARGET_NAME)";
				SWIFT_VERSION = 5.0;
				TARGETED_DEVICE_FAMILY = "1,2";
			};
			name = Debug;
		};
		D6630A0C24C878ED00D10AC1 /* Release */ = {
			isa = XCBuildConfiguration;
			buildSettings = {
				ASSETCATALOG_COMPILER_APPICON_NAME = AppIcon;
				CODE_SIGN_STYLE = Automatic;
				INFOPLIST_FILE = Memoir/Info.plist;
				LD_RUNPATH_SEARCH_PATHS = (
					"$(inherited)",
					"@executable_path/Frameworks",
				);
				PRODUCT_BUNDLE_IDENTIFIER = antoine.app.app.Memoir;
				PRODUCT_NAME = "$(TARGET_NAME)";
				SWIFT_VERSION = 5.0;
				TARGETED_DEVICE_FAMILY = "1,2";
			};
			name = Release;
		};
		D6630A0E24C878ED00D10AC1 /* Debug */ = {
			isa = XCBuildConfiguration;
			buildSettings = {
				ALWAYS_EMBED_SWIFT_STANDARD_LIBRARIES = YES;
				BUNDLE_LOADER = "$(TEST_HOST)";
				CODE_SIGN_STYLE = Automatic;
				INFOPLIST_FILE = MemoirTests/Info.plist;
				IPHONEOS_DEPLOYMENT_TARGET = 13.5;
				LD_RUNPATH_SEARCH_PATHS = (
					"$(inherited)",
					"@executable_path/Frameworks",
					"@loader_path/Frameworks",
				);
				PRODUCT_BUNDLE_IDENTIFIER = antoine.app.app.MemoirTests;
				PRODUCT_NAME = "$(TARGET_NAME)";
				SWIFT_VERSION = 5.0;
				TARGETED_DEVICE_FAMILY = "1,2";
				TEST_HOST = "$(BUILT_PRODUCTS_DIR)/Memoir.app/Memoir";
			};
			name = Debug;
		};
		D6630A0F24C878ED00D10AC1 /* Release */ = {
			isa = XCBuildConfiguration;
			buildSettings = {
				ALWAYS_EMBED_SWIFT_STANDARD_LIBRARIES = YES;
				BUNDLE_LOADER = "$(TEST_HOST)";
				CODE_SIGN_STYLE = Automatic;
				INFOPLIST_FILE = MemoirTests/Info.plist;
				IPHONEOS_DEPLOYMENT_TARGET = 13.5;
				LD_RUNPATH_SEARCH_PATHS = (
					"$(inherited)",
					"@executable_path/Frameworks",
					"@loader_path/Frameworks",
				);
				PRODUCT_BUNDLE_IDENTIFIER = antoine.app.app.MemoirTests;
				PRODUCT_NAME = "$(TARGET_NAME)";
				SWIFT_VERSION = 5.0;
				TARGETED_DEVICE_FAMILY = "1,2";
				TEST_HOST = "$(BUILT_PRODUCTS_DIR)/Memoir.app/Memoir";
			};
			name = Release;
		};
		D6630A1124C878ED00D10AC1 /* Debug */ = {
			isa = XCBuildConfiguration;
			buildSettings = {
				ALWAYS_EMBED_SWIFT_STANDARD_LIBRARIES = YES;
				CODE_SIGN_STYLE = Automatic;
				INFOPLIST_FILE = MemoirUITests/Info.plist;
				LD_RUNPATH_SEARCH_PATHS = (
					"$(inherited)",
					"@executable_path/Frameworks",
					"@loader_path/Frameworks",
				);
				PRODUCT_BUNDLE_IDENTIFIER = antoine.app.app.MemoirUITests;
				PRODUCT_NAME = "$(TARGET_NAME)";
				SWIFT_VERSION = 5.0;
				TARGETED_DEVICE_FAMILY = "1,2";
				TEST_TARGET_NAME = Memoir;
			};
			name = Debug;
		};
		D6630A1224C878ED00D10AC1 /* Release */ = {
			isa = XCBuildConfiguration;
			buildSettings = {
				ALWAYS_EMBED_SWIFT_STANDARD_LIBRARIES = YES;
				CODE_SIGN_STYLE = Automatic;
				INFOPLIST_FILE = MemoirUITests/Info.plist;
				LD_RUNPATH_SEARCH_PATHS = (
					"$(inherited)",
					"@executable_path/Frameworks",
					"@loader_path/Frameworks",
				);
				PRODUCT_BUNDLE_IDENTIFIER = antoine.app.app.MemoirUITests;
				PRODUCT_NAME = "$(TARGET_NAME)";
				SWIFT_VERSION = 5.0;
				TARGETED_DEVICE_FAMILY = "1,2";
				TEST_TARGET_NAME = Memoir;
			};
			name = Release;
		};
/* End XCBuildConfiguration section */

/* Begin XCConfigurationList section */
		D66309DB24C878EB00D10AC1 /* Build configuration list for PBXProject "Memoir" */ = {
			isa = XCConfigurationList;
			buildConfigurations = (
				D6630A0824C878ED00D10AC1 /* Debug */,
				D6630A0924C878ED00D10AC1 /* Release */,
			);
			defaultConfigurationIsVisible = 0;
			defaultConfigurationName = Release;
		};
		D6630A0A24C878ED00D10AC1 /* Build configuration list for PBXNativeTarget "Memoir" */ = {
			isa = XCConfigurationList;
			buildConfigurations = (
				D6630A0B24C878ED00D10AC1 /* Debug */,
				D6630A0C24C878ED00D10AC1 /* Release */,
			);
			defaultConfigurationIsVisible = 0;
			defaultConfigurationName = Release;
		};
		D6630A0D24C878ED00D10AC1 /* Build configuration list for PBXNativeTarget "MemoirTests" */ = {
			isa = XCConfigurationList;
			buildConfigurations = (
				D6630A0E24C878ED00D10AC1 /* Debug */,
				D6630A0F24C878ED00D10AC1 /* Release */,
			);
			defaultConfigurationIsVisible = 0;
			defaultConfigurationName = Release;
		};
		D6630A1024C878ED00D10AC1 /* Build configuration list for PBXNativeTarget "MemoirUITests" */ = {
			isa = XCConfigurationList;
			buildConfigurations = (
				D6630A1124C878ED00D10AC1 /* Debug */,
				D6630A1224C878ED00D10AC1 /* Release */,
			);
			defaultConfigurationIsVisible = 0;
			defaultConfigurationName = Release;
		};
/* End XCConfigurationList section */
	};
	rootObject = D66309D824C878EB00D10AC1 /* Project object */;
}
